
Microsoft Visual Studio Solution File, Format Version 12.00
# Visual Studio Version 17
VisualStudioVersion = 17.12.35707.178
MinimumVisualStudioVersion = 10.0.40219.1
Project("{FAE04EC0-301F-11D3-BF4B-00C04F79EFBC}") = "test2", "test2\test2.csproj", "{6FDE0390-8A31-404E-AF2A-B884F968C599}"
EndProject
Project("{FAE04EC0-301F-11D3-BF4B-00C04F79EFBC}") = "WindowsFormsApp1", "WindowsFormsApp1\WindowsFormsApp1.csproj", "{495CD523-4EE7-49BF-801D-AB5CD9F8EBEB}"
EndProject
Global
	GlobalSection(SolutionConfigurationPlatforms) = preSolution
		Debug|Any CPU = Debug|Any CPU
		Release|Any CPU = Release|Any CPU
	EndGlobalSection
	GlobalSection(ProjectConfigurationPlatforms) = postSolution
		{6FDE0390-8A31-404E-AF2A-B884F968C599}.Debug|Any CPU.ActiveCfg = Debug|Any CPU
		{6FDE0390-8A31-404E-AF2A-B884F968C599}.Debug|Any CPU.Build.0 = Debug|Any CPU
		{6FDE0390-8A31-404E-AF2A-B884F968C599}.Release|Any CPU.ActiveCfg = Release|Any CPU
		{6FDE0390-8A31-404E-AF2A-B884F968C599}.Release|Any CPU.Build.0 = Release|Any CPU
		{495CD523-4EE7-49BF-801D-AB5CD9F8EBEB}.Debug|Any CPU.ActiveCfg = Debug|Any CPU
		{495CD523-4EE7-49BF-801D-AB5CD9F8EBEB}.Debug|Any CPU.Build.0 = Debug|Any CPU
		{495CD523-4EE7-49BF-801D-AB5CD9F8EBEB}.Release|Any CPU.ActiveCfg = Release|Any CPU
		{495CD523-4EE7-49BF-801D-AB5CD9F8EBEB}.Release|Any CPU.Build.0 = Release|Any CPU
	EndGlobalSection
	GlobalSection(SolutionProperties) = preSolution
		HideSolutionNode = FALSE
	EndGlobalSection
EndGlobal
